
Microsoft Visual Studio Solution File, Format Version 12.00
# Visual Studio Version 17
VisualStudioVersion = 17.13.35919.96 d17.13
MinimumVisualStudioVersion = 10.0.40219.1
Project("{FAE04EC0-301F-11D3-BF4B-00C04F79EFBC}") = "Ovning2", "Ovning2\Ovning2.csproj", "{FEE0F194-F11A-48C9-AC2E-4D6A10810D4F}"
EndProject
Project("{FAE04EC0-301F-11D3-BF4B-00C04F79EFBC}") = "Ovning2.Helpers", "Ovning2.Helpers\Ovning2.Helpers.csproj", "{EADEE35E-355C-49F0-AF3B-CA2B77E6B635}"
EndProject
Global
	GlobalSection(SolutionConfigurationPlatforms) = preSolution
		Debug|Any CPU = Debug|Any CPU
		Release|Any CPU = Release|Any CPU
	EndGlobalSection
	GlobalSection(ProjectConfigurationPlatforms) = postSolution
		{FEE0F194-F11A-48C9-AC2E-4D6A10810D4F}.Debug|Any CPU.ActiveCfg = Debug|Any CPU
		{FEE0F194-F11A-48C9-AC2E-4D6A10810D4F}.Debug|Any CPU.Build.0 = Debug|Any CPU
		{FEE0F194-F11A-48C9-AC2E-4D6A10810D4F}.Release|Any CPU.ActiveCfg = Release|Any CPU
		{FEE0F194-F11A-48C9-AC2E-4D6A10810D4F}.Release|Any CPU.Build.0 = Release|Any CPU
		{EADEE35E-355C-49F0-AF3B-CA2B77E6B635}.Debug|Any CPU.ActiveCfg = Debug|Any CPU
		{EADEE35E-355C-49F0-AF3B-CA2B77E6B635}.Debug|Any CPU.Build.0 = Debug|Any CPU
		{EADEE35E-355C-49F0-AF3B-CA2B77E6B635}.Release|Any CPU.ActiveCfg = Release|Any CPU
		{EADEE35E-355C-49F0-AF3B-CA2B77E6B635}.Release|Any CPU.Build.0 = Release|Any CPU
	EndGlobalSection
	GlobalSection(SolutionProperties) = preSolution
		HideSolutionNode = FALSE
	EndGlobalSection
	GlobalSection(ExtensibilityGlobals) = postSolution
		SolutionGuid = {7A8AC489-C17B-416A-9D9D-1BCEB0180B91}
	EndGlobalSection
EndGlobal
